
Microsoft Visual Studio Solution File, Format Version 12.00
# Visual Studio 14
VisualStudioVersion = 14.0.25420.1
MinimumVisualStudioVersion = 10.0.40219.1
Project("{FAE04EC0-301F-11D3-BF4B-00C04F79EFBC}") = "ZangSiSee.Droid", "ZangSiSee.Droid\ZangSiSee.Droid.csproj", "{446F9DB3-6768-4F3F-848B-89F4969DACFA}"
EndProject
Project("{FAE04EC0-301F-11D3-BF4B-00C04F79EFBC}") = "ZangSiSee.iOS", "ZangSiSee.iOS\ZangSiSee.iOS.csproj", "{EA9AD72B-3A9F-4226-A421-56EC333B0CDB}"
EndProject
Project("{FAE04EC0-301F-11D3-BF4B-00C04F79EFBC}") = "ZangSiSee.WinPhone", "ZangSiSee.WinPhone\ZangSiSee.WinPhone.csproj", "{EA5CDEE4-672E-432A-9A00-7C6E78D26B1F}"
EndProject
Project("{FAE04EC0-301F-11D3-BF4B-00C04F79EFBC}") = "ZangSiSee.UWP", "ZangSiSee.UWP\ZangSiSee.UWP.csproj", "{4AA13B87-4748-4734-8163-1088967DD755}"
EndProject
Project("{FAE04EC0-301F-11D3-BF4B-00C04F79EFBC}") = "ZangSiSee.Windows", "ZangSiSee.Windows\ZangSiSee.Windows.csproj", "{7D0C6E68-BA20-4E5A-B095-C4ED8F8CE4E9}"
EndProject
Project("{FAE04EC0-301F-11D3-BF4B-00C04F79EFBC}") = "ZangSiSee", "ZangSiSee\ZangSiSee.csproj", "{0B64682A-A4BB-42E2-B4FD-805A8545D488}"
EndProject
Global
	GlobalSection(SolutionConfigurationPlatforms) = preSolution
		Ad-Hoc|Any CPU = Ad-Hoc|Any CPU
		Ad-Hoc|ARM = Ad-Hoc|ARM
		Ad-Hoc|iPhone = Ad-Hoc|iPhone
		Ad-Hoc|iPhoneSimulator = Ad-Hoc|iPhoneSimulator
		Ad-Hoc|x64 = Ad-Hoc|x64
		Ad-Hoc|x86 = Ad-Hoc|x86
		AppStore|Any CPU = AppStore|Any CPU
		AppStore|ARM = AppStore|ARM
		AppStore|iPhone = AppStore|iPhone
		AppStore|iPhoneSimulator = AppStore|iPhoneSimulator
		AppStore|x64 = AppStore|x64
		AppStore|x86 = AppStore|x86
		Debug|Any CPU = Debug|Any CPU
		Debug|ARM = Debug|ARM
		Debug|iPhone = Debug|iPhone
		Debug|iPhoneSimulator = Debug|iPhoneSimulator
		Debug|x64 = Debug|x64
		Debug|x86 = Debug|x86
		Release|Any CPU = Release|Any CPU
		Release|ARM = Release|ARM
		Release|iPhone = Release|iPhone
		Release|iPhoneSimulator = Release|iPhoneSimulator
		Release|x64 = Release|x64
		Release|x86 = Release|x86
	EndGlobalSection
	GlobalSection(ProjectConfigurationPlatforms) = postSolution
		{446F9DB3-6768-4F3F-848B-89F4969DACFA}.Ad-Hoc|Any CPU.ActiveCfg = Release|Any CPU
		{446F9DB3-6768-4F3F-848B-89F4969DACFA}.Ad-Hoc|Any CPU.Build.0 = Release|Any CPU
		{446F9DB3-6768-4F3F-848B-89F4969DACFA}.Ad-Hoc|Any CPU.Deploy.0 = Release|Any CPU
		{446F9DB3-6768-4F3F-848B-89F4969DACFA}.Ad-Hoc|ARM.ActiveCfg = Release|Any CPU
		{446F9DB3-6768-4F3F-848B-89F4969DACFA}.Ad-Hoc|ARM.Build.0 = Release|Any CPU
		{446F9DB3-6768-4F3F-848B-89F4969DACFA}.Ad-Hoc|ARM.Deploy.0 = Release|Any CPU
		{446F9DB3-6768-4F3F-848B-89F4969DACFA}.Ad-Hoc|iPhone.ActiveCfg = Release|Any CPU
		{446F9DB3-6768-4F3F-848B-89F4969DACFA}.Ad-Hoc|iPhone.Build.0 = Release|Any CPU
		{446F9DB3-6768-4F3F-848B-89F4969DACFA}.Ad-Hoc|iPhone.Deploy.0 = Release|Any CPU
		{446F9DB3-6768-4F3F-848B-89F4969DACFA}.Ad-Hoc|iPhoneSimulator.ActiveCfg = Release|Any CPU
		{446F9DB3-6768-4F3F-848B-89F4969DACFA}.Ad-Hoc|iPhoneSimulator.Build.0 = Release|Any CPU
		{446F9DB3-6768-4F3F-848B-89F4969DACFA}.Ad-Hoc|iPhoneSimulator.Deploy.0 = Release|Any CPU
		{446F9DB3-6768-4F3F-848B-89F4969DACFA}.Ad-Hoc|x64.ActiveCfg = Release|Any CPU
		{446F9DB3-6768-4F3F-848B-89F4969DACFA}.Ad-Hoc|x64.Build.0 = Release|Any CPU
		{446F9DB3-6768-4F3F-848B-89F4969DACFA}.Ad-Hoc|x64.Deploy.0 = Release|Any CPU
		{446F9DB3-6768-4F3F-848B-89F4969DACFA}.Ad-Hoc|x86.ActiveCfg = Release|Any CPU
		{446F9DB3-6768-4F3F-848B-89F4969DACFA}.Ad-Hoc|x86.Build.0 = Release|Any CPU
		{446F9DB3-6768-4F3F-848B-89F4969DACFA}.Ad-Hoc|x86.Deploy.0 = Release|Any CPU
		{446F9DB3-6768-4F3F-848B-89F4969DACFA}.AppStore|Any CPU.ActiveCfg = Release|Any CPU
		{446F9DB3-6768-4F3F-848B-89F4969DACFA}.AppStore|Any CPU.Build.0 = Release|Any CPU
		{446F9DB3-6768-4F3F-848B-89F4969DACFA}.AppStore|Any CPU.Deploy.0 = Release|Any CPU
		{446F9DB3-6768-4F3F-848B-89F4969DACFA}.AppStore|ARM.ActiveCfg = Release|Any CPU
		{446F9DB3-6768-4F3F-848B-89F4969DACFA}.AppStore|ARM.Build.0 = Release|Any CPU
		{446F9DB3-6768-4F3F-848B-89F4969DACFA}.AppStore|ARM.Deploy.0 = Release|Any CPU
		{446F9DB3-6768-4F3F-848B-89F4969DACFA}.AppStore|iPhone.ActiveCfg = Release|Any CPU
		{446F9DB3-6768-4F3F-848B-89F4969DACFA}.AppStore|iPhone.Build.0 = Release|Any CPU
		{446F9DB3-6768-4F3F-848B-89F4969DACFA}.AppStore|iPhone.Deploy.0 = Release|Any CPU
		{446F9DB3-6768-4F3F-848B-89F4969DACFA}.AppStore|iPhoneSimulator.ActiveCfg = Release|Any CPU
		{446F9DB3-6768-4F3F-848B-89F4969DACFA}.AppStore|iPhoneSimulator.Build.0 = Release|Any CPU
		{446F9DB3-6768-4F3F-848B-89F4969DACFA}.AppStore|iPhoneSimulator.Deploy.0 = Release|Any CPU
		{446F9DB3-6768-4F3F-848B-89F4969DACFA}.AppStore|x64.ActiveCfg = Release|Any CPU
		{446F9DB3-6768-4F3F-848B-89F4969DACFA}.AppStore|x64.Build.0 = Release|Any CPU
		{446F9DB3-6768-4F3F-848B-89F4969DACFA}.AppStore|x64.Deploy.0 = Release|Any CPU
		{446F9DB3-6768-4F3F-848B-89F4969DACFA}.AppStore|x86.ActiveCfg = Release|Any CPU
		{446F9DB3-6768-4F3F-848B-89F4969DACFA}.AppStore|x86.Build.0 = Release|Any CPU
		{446F9DB3-6768-4F3F-848B-89F4969DACFA}.AppStore|x86.Deploy.0 = Release|Any CPU
		{446F9DB3-6768-4F3F-848B-89F4969DACFA}.Debug|Any CPU.ActiveCfg = Debug|Any CPU
		{446F9DB3-6768-4F3F-848B-89F4969DACFA}.Debug|Any CPU.Build.0 = Debug|Any CPU
		{446F9DB3-6768-4F3F-848B-89F4969DACFA}.Debug|Any CPU.Deploy.0 = Debug|Any CPU
		{446F9DB3-6768-4F3F-848B-89F4969DACFA}.Debug|ARM.ActiveCfg = Debug|Any CPU
		{446F9DB3-6768-4F3F-848B-89F4969DACFA}.Debug|ARM.Build.0 = Debug|Any CPU
		{446F9DB3-6768-4F3F-848B-89F4969DACFA}.Debug|ARM.Deploy.0 = Debug|Any CPU
		{446F9DB3-6768-4F3F-848B-89F4969DACFA}.Debug|iPhone.ActiveCfg = Debug|Any CPU
		{446F9DB3-6768-4F3F-848B-89F4969DACFA}.Debug|iPhone.Build.0 = Debug|Any CPU
		{446F9DB3-6768-4F3F-848B-89F4969DACFA}.Debug|iPhone.Deploy.0 = Debug|Any CPU
		{446F9DB3-6768-4F3F-848B-89F4969DACFA}.Debug|iPhoneSimulator.ActiveCfg = Debug|Any CPU
		{446F9DB3-6768-4F3F-848B-89F4969DACFA}.Debug|iPhoneSimulator.Build.0 = Debug|Any CPU
		{446F9DB3-6768-4F3F-848B-89F4969DACFA}.Debug|iPhoneSimulator.Deploy.0 = Debug|Any CPU
		{446F9DB3-6768-4F3F-848B-89F4969DACFA}.Debug|x64.ActiveCfg = Debug|Any CPU
		{446F9DB3-6768-4F3F-848B-89F4969DACFA}.Debug|x64.Build.0 = Debug|Any CPU
		{446F9DB3-6768-4F3F-848B-89F4969DACFA}.Debug|x64.Deploy.0 = Debug|Any CPU
		{446F9DB3-6768-4F3F-848B-89F4969DACFA}.Debug|x86.ActiveCfg = Debug|Any CPU
		{446F9DB3-6768-4F3F-848B-89F4969DACFA}.Debug|x86.Build.0 = Debug|Any CPU
		{446F9DB3-6768-4F3F-848B-89F4969DACFA}.Debug|x86.Deploy.0 = Debug|Any CPU
		{446F9DB3-6768-4F3F-848B-89F4969DACFA}.Release|Any CPU.ActiveCfg = Release|Any CPU
		{446F9DB3-6768-4F3F-848B-89F4969DACFA}.Release|Any CPU.Build.0 = Release|Any CPU
		{446F9DB3-6768-4F3F-848B-89F4969DACFA}.Release|Any CPU.Deploy.0 = Release|Any CPU
		{446F9DB3-6768-4F3F-848B-89F4969DACFA}.Release|ARM.ActiveCfg = Release|Any CPU
		{446F9DB3-6768-4F3F-848B-89F4969DACFA}.Release|ARM.Build.0 = Release|Any CPU
		{446F9DB3-6768-4F3F-848B-89F4969DACFA}.Release|ARM.Deploy.0 = Release|Any CPU
		{446F9DB3-6768-4F3F-848B-89F4969DACFA}.Release|iPhone.ActiveCfg = Release|Any CPU
		{446F9DB3-6768-4F3F-848B-89F4969DACFA}.Release|iPhone.Build.0 = Release|Any CPU
		{446F9DB3-6768-4F3F-848B-89F4969DACFA}.Release|iPhone.Deploy.0 = Release|Any CPU
		{446F9DB3-6768-4F3F-848B-89F4969DACFA}.Release|iPhoneSimulator.ActiveCfg = Release|Any CPU
		{446F9DB3-6768-4F3F-848B-89F4969DACFA}.Release|iPhoneSimulator.Build.0 = Release|Any CPU
		{446F9DB3-6768-4F3F-848B-89F4969DACFA}.Release|iPhoneSimulator.Deploy.0 = Release|Any CPU
		{446F9DB3-6768-4F3F-848B-89F4969DACFA}.Release|x64.ActiveCfg = Release|Any CPU
		{446F9DB3-6768-4F3F-848B-89F4969DACFA}.Release|x64.Build.0 = Release|Any CPU
		{446F9DB3-6768-4F3F-848B-89F4969DACFA}.Release|x64.Deploy.0 = Release|Any CPU
		{446F9DB3-6768-4F3F-848B-89F4969DACFA}.Release|x86.ActiveCfg = Release|Any CPU
		{446F9DB3-6768-4F3F-848B-89F4969DACFA}.Release|x86.Build.0 = Release|Any CPU
		{446F9DB3-6768-4F3F-848B-89F4969DACFA}.Release|x86.Deploy.0 = Release|Any CPU
		{EA9AD72B-3A9F-4226-A421-56EC333B0CDB}.Ad-Hoc|Any CPU.ActiveCfg = Ad-Hoc|iPhone
		{EA9AD72B-3A9F-4226-A421-56EC333B0CDB}.Ad-Hoc|ARM.ActiveCfg = Ad-Hoc|iPhone
		{EA9AD72B-3A9F-4226-A421-56EC333B0CDB}.Ad-Hoc|iPhone.ActiveCfg = Ad-Hoc|iPhone
		{EA9AD72B-3A9F-4226-A421-56EC333B0CDB}.Ad-Hoc|iPhone.Build.0 = Ad-Hoc|iPhone
		{EA9AD72B-3A9F-4226-A421-56EC333B0CDB}.Ad-Hoc|iPhoneSimulator.ActiveCfg = Ad-Hoc|iPhoneSimulator
		{EA9AD72B-3A9F-4226-A421-56EC333B0CDB}.Ad-Hoc|iPhoneSimulator.Build.0 = Ad-Hoc|iPhoneSimulator
		{EA9AD72B-3A9F-4226-A421-56EC333B0CDB}.Ad-Hoc|x64.ActiveCfg = Ad-Hoc|iPhone
		{EA9AD72B-3A9F-4226-A421-56EC333B0CDB}.Ad-Hoc|x86.ActiveCfg = Ad-Hoc|iPhone
		{EA9AD72B-3A9F-4226-A421-56EC333B0CDB}.AppStore|Any CPU.ActiveCfg = AppStore|iPhone
		{EA9AD72B-3A9F-4226-A421-56EC333B0CDB}.AppStore|ARM.ActiveCfg = AppStore|iPhone
		{EA9AD72B-3A9F-4226-A421-56EC333B0CDB}.AppStore|iPhone.ActiveCfg = AppStore|iPhone
		{EA9AD72B-3A9F-4226-A421-56EC333B0CDB}.AppStore|iPhone.Build.0 = AppStore|iPhone
		{EA9AD72B-3A9F-4226-A421-56EC333B0CDB}.AppStore|iPhoneSimulator.ActiveCfg = AppStore|iPhoneSimulator
		{EA9AD72B-3A9F-4226-A421-56EC333B0CDB}.AppStore|iPhoneSimulator.Build.0 = AppStore|iPhoneSimulator
		{EA9AD72B-3A9F-4226-A421-56EC333B0CDB}.AppStore|x64.ActiveCfg = AppStore|iPhone
		{EA9AD72B-3A9F-4226-A421-56EC333B0CDB}.AppStore|x86.ActiveCfg = AppStore|iPhone
		{EA9AD72B-3A9F-4226-A421-56EC333B0CDB}.Debug|Any CPU.ActiveCfg = Debug|iPhone
		{EA9AD72B-3A9F-4226-A421-56EC333B0CDB}.Debug|ARM.ActiveCfg = Debug|iPhone
		{EA9AD72B-3A9F-4226-A421-56EC333B0CDB}.Debug|iPhone.ActiveCfg = Debug|iPhone
		{EA9AD72B-3A9F-4226-A421-56EC333B0CDB}.Debug|iPhone.Build.0 = Debug|iPhone
		{EA9AD72B-3A9F-4226-A421-56EC333B0CDB}.Debug|iPhoneSimulator.ActiveCfg = Debug|iPhoneSimulator
		{EA9AD72B-3A9F-4226-A421-56EC333B0CDB}.Debug|iPhoneSimulator.Build.0 = Debug|iPhoneSimulator
		{EA9AD72B-3A9F-4226-A421-56EC333B0CDB}.Debug|x64.ActiveCfg = Debug|iPhone
		{EA9AD72B-3A9F-4226-A421-56EC333B0CDB}.Debug|x86.ActiveCfg = Debug|iPhone
		{EA9AD72B-3A9F-4226-A421-56EC333B0CDB}.Release|Any CPU.ActiveCfg = Release|iPhone
		{EA9AD72B-3A9F-4226-A421-56EC333B0CDB}.Release|ARM.ActiveCfg = Release|iPhone
		{EA9AD72B-3A9F-4226-A421-56EC333B0CDB}.Release|iPhone.ActiveCfg = Release|iPhone
		{EA9AD72B-3A9F-4226-A421-56EC333B0CDB}.Release|iPhone.Build.0 = Release|iPhone
		{EA9AD72B-3A9F-4226-A421-56EC333B0CDB}.Release|iPhoneSimulator.ActiveCfg = Release|iPhoneSimulator
		{EA9AD72B-3A9F-4226-A421-56EC333B0CDB}.Release|iPhoneSimulator.Build.0 = Release|iPhoneSimulator
		{EA9AD72B-3A9F-4226-A421-56EC333B0CDB}.Release|x64.ActiveCfg = Release|iPhone
		{EA9AD72B-3A9F-4226-A421-56EC333B0CDB}.Release|x86.ActiveCfg = Release|iPhone
		{EA5CDEE4-672E-432A-9A00-7C6E78D26B1F}.Ad-Hoc|Any CPU.ActiveCfg = Release|Any CPU
		{EA5CDEE4-672E-432A-9A00-7C6E78D26B1F}.Ad-Hoc|Any CPU.Build.0 = Release|Any CPU
		{EA5CDEE4-672E-432A-9A00-7C6E78D26B1F}.Ad-Hoc|Any CPU.Deploy.0 = Release|Any CPU
		{EA5CDEE4-672E-432A-9A00-7C6E78D26B1F}.Ad-Hoc|ARM.ActiveCfg = Release|ARM
		{EA5CDEE4-672E-432A-9A00-7C6E78D26B1F}.Ad-Hoc|ARM.Build.0 = Release|ARM
		{EA5CDEE4-672E-432A-9A00-7C6E78D26B1F}.Ad-Hoc|ARM.Deploy.0 = Release|ARM
		{EA5CDEE4-672E-432A-9A00-7C6E78D26B1F}.Ad-Hoc|iPhone.ActiveCfg = Release|Any CPU
		{EA5CDEE4-672E-432A-9A00-7C6E78D26B1F}.Ad-Hoc|iPhone.Build.0 = Release|Any CPU
		{EA5CDEE4-672E-432A-9A00-7C6E78D26B1F}.Ad-Hoc|iPhone.Deploy.0 = Release|Any CPU
		{EA5CDEE4-672E-432A-9A00-7C6E78D26B1F}.Ad-Hoc|iPhoneSimulator.ActiveCfg = Release|Any CPU
		{EA5CDEE4-672E-432A-9A00-7C6E78D26B1F}.Ad-Hoc|iPhoneSimulator.Build.0 = Release|Any CPU
		{EA5CDEE4-672E-432A-9A00-7C6E78D26B1F}.Ad-Hoc|iPhoneSimulator.Deploy.0 = Release|Any CPU
		{EA5CDEE4-672E-432A-9A00-7C6E78D26B1F}.Ad-Hoc|x64.ActiveCfg = Release|Any CPU
		{EA5CDEE4-672E-432A-9A00-7C6E78D26B1F}.Ad-Hoc|x64.Build.0 = Release|Any CPU
		{EA5CDEE4-672E-432A-9A00-7C6E78D26B1F}.Ad-Hoc|x64.Deploy.0 = Release|Any CPU
		{EA5CDEE4-672E-432A-9A00-7C6E78D26B1F}.Ad-Hoc|x86.ActiveCfg = Release|x86
		{EA5CDEE4-672E-432A-9A00-7C6E78D26B1F}.Ad-Hoc|x86.Build.0 = Release|x86
		{EA5CDEE4-672E-432A-9A00-7C6E78D26B1F}.Ad-Hoc|x86.Deploy.0 = Release|x86
		{EA5CDEE4-672E-432A-9A00-7C6E78D26B1F}.AppStore|Any CPU.ActiveCfg = Release|Any CPU
		{EA5CDEE4-672E-432A-9A00-7C6E78D26B1F}.AppStore|Any CPU.Build.0 = Release|Any CPU
		{EA5CDEE4-672E-432A-9A00-7C6E78D26B1F}.AppStore|Any CPU.Deploy.0 = Release|Any CPU
		{EA5CDEE4-672E-432A-9A00-7C6E78D26B1F}.AppStore|ARM.ActiveCfg = Release|ARM
		{EA5CDEE4-672E-432A-9A00-7C6E78D26B1F}.AppStore|ARM.Build.0 = Release|ARM
		{EA5CDEE4-672E-432A-9A00-7C6E78D26B1F}.AppStore|ARM.Deploy.0 = Release|ARM
		{EA5CDEE4-672E-432A-9A00-7C6E78D26B1F}.AppStore|iPhone.ActiveCfg = Release|Any CPU
		{EA5CDEE4-672E-432A-9A00-7C6E78D26B1F}.AppStore|iPhone.Build.0 = Release|Any CPU
		{EA5CDEE4-672E-432A-9A00-7C6E78D26B1F}.AppStore|iPhone.Deploy.0 = Release|Any CPU
		{EA5CDEE4-672E-432A-9A00-7C6E78D26B1F}.AppStore|iPhoneSimulator.ActiveCfg = Release|Any CPU
		{EA5CDEE4-672E-432A-9A00-7C6E78D26B1F}.AppStore|iPhoneSimulator.Build.0 = Release|Any CPU
		{EA5CDEE4-672E-432A-9A00-7C6E78D26B1F}.AppStore|iPhoneSimulator.Deploy.0 = Release|Any CPU
		{EA5CDEE4-672E-432A-9A00-7C6E78D26B1F}.AppStore|x64.ActiveCfg = Release|Any CPU
		{EA5CDEE4-672E-432A-9A00-7C6E78D26B1F}.AppStore|x64.Build.0 = Release|Any CPU
		{EA5CDEE4-672E-432A-9A00-7C6E78D26B1F}.AppStore|x64.Deploy.0 = Release|Any CPU
		{EA5CDEE4-672E-432A-9A00-7C6E78D26B1F}.AppStore|x86.ActiveCfg = Release|x86
		{EA5CDEE4-672E-432A-9A00-7C6E78D26B1F}.AppStore|x86.Build.0 = Release|x86
		{EA5CDEE4-672E-432A-9A00-7C6E78D26B1F}.AppStore|x86.Deploy.0 = Release|x86
		{EA5CDEE4-672E-432A-9A00-7C6E78D26B1F}.Debug|Any CPU.ActiveCfg = Debug|Any CPU
		{EA5CDEE4-672E-432A-9A00-7C6E78D26B1F}.Debug|Any CPU.Build.0 = Debug|Any CPU
		{EA5CDEE4-672E-432A-9A00-7C6E78D26B1F}.Debug|Any CPU.Deploy.0 = Debug|Any CPU
		{EA5CDEE4-672E-432A-9A00-7C6E78D26B1F}.Debug|ARM.ActiveCfg = Debug|ARM
		{EA5CDEE4-672E-432A-9A00-7C6E78D26B1F}.Debug|ARM.Build.0 = Debug|ARM
		{EA5CDEE4-672E-432A-9A00-7C6E78D26B1F}.Debug|ARM.Deploy.0 = Debug|ARM
		{EA5CDEE4-672E-432A-9A00-7C6E78D26B1F}.Debug|iPhone.ActiveCfg = Debug|Any CPU
		{EA5CDEE4-672E-432A-9A00-7C6E78D26B1F}.Debug|iPhone.Build.0 = Debug|Any CPU
		{EA5CDEE4-672E-432A-9A00-7C6E78D26B1F}.Debug|iPhone.Deploy.0 = Debug|Any CPU
		{EA5CDEE4-672E-432A-9A00-7C6E78D26B1F}.Debug|iPhoneSimulator.ActiveCfg = Debug|Any CPU
		{EA5CDEE4-672E-432A-9A00-7C6E78D26B1F}.Debug|iPhoneSimulator.Build.0 = Debug|Any CPU
		{EA5CDEE4-672E-432A-9A00-7C6E78D26B1F}.Debug|iPhoneSimulator.Deploy.0 = Debug|Any CPU
		{EA5CDEE4-672E-432A-9A00-7C6E78D26B1F}.Debug|x64.ActiveCfg = Debug|Any CPU
		{EA5CDEE4-672E-432A-9A00-7C6E78D26B1F}.Debug|x64.Build.0 = Debug|Any CPU
		{EA5CDEE4-672E-432A-9A00-7C6E78D26B1F}.Debug|x64.Deploy.0 = Debug|Any CPU
		{EA5CDEE4-672E-432A-9A00-7C6E78D26B1F}.Debug|x86.ActiveCfg = Debug|x86
		{EA5CDEE4-672E-432A-9A00-7C6E78D26B1F}.Debug|x86.Build.0 = Debug|x86
		{EA5CDEE4-672E-432A-9A00-7C6E78D26B1F}.Debug|x86.Deploy.0 = Debug|x86
		{EA5CDEE4-672E-432A-9A00-7C6E78D26B1F}.Release|Any CPU.ActiveCfg = Release|Any CPU
		{EA5CDEE4-672E-432A-9A00-7C6E78D26B1F}.Release|Any CPU.Build.0 = Release|Any CPU
		{EA5CDEE4-672E-432A-9A00-7C6E78D26B1F}.Release|Any CPU.Deploy.0 = Release|Any CPU
		{EA5CDEE4-672E-432A-9A00-7C6E78D26B1F}.Release|ARM.ActiveCfg = Release|ARM
		{EA5CDEE4-672E-432A-9A00-7C6E78D26B1F}.Release|ARM.Build.0 = Release|ARM
		{EA5CDEE4-672E-432A-9A00-7C6E78D26B1F}.Release|ARM.Deploy.0 = Release|ARM
		{EA5CDEE4-672E-432A-9A00-7C6E78D26B1F}.Release|iPhone.ActiveCfg = Release|Any CPU
		{EA5CDEE4-672E-432A-9A00-7C6E78D26B1F}.Release|iPhone.Build.0 = Release|Any CPU
		{EA5CDEE4-672E-432A-9A00-7C6E78D26B1F}.Release|iPhone.Deploy.0 = Release|Any CPU
		{EA5CDEE4-672E-432A-9A00-7C6E78D26B1F}.Release|iPhoneSimulator.ActiveCfg = Release|Any CPU
		{EA5CDEE4-672E-432A-9A00-7C6E78D26B1F}.Release|iPhoneSimulator.Build.0 = Release|Any CPU
		{EA5CDEE4-672E-432A-9A00-7C6E78D26B1F}.Release|iPhoneSimulator.Deploy.0 = Release|Any CPU
		{EA5CDEE4-672E-432A-9A00-7C6E78D26B1F}.Release|x64.ActiveCfg = Release|Any CPU
		{EA5CDEE4-672E-432A-9A00-7C6E78D26B1F}.Release|x64.Build.0 = Release|Any CPU
		{EA5CDEE4-672E-432A-9A00-7C6E78D26B1F}.Release|x64.Deploy.0 = Release|Any CPU
		{EA5CDEE4-672E-432A-9A00-7C6E78D26B1F}.Release|x86.ActiveCfg = Release|x86
		{EA5CDEE4-672E-432A-9A00-7C6E78D26B1F}.Release|x86.Build.0 = Release|x86
		{EA5CDEE4-672E-432A-9A00-7C6E78D26B1F}.Release|x86.Deploy.0 = Release|x86
		{4AA13B87-4748-4734-8163-1088967DD755}.Ad-Hoc|Any CPU.ActiveCfg = Release|x86
		{4AA13B87-4748-4734-8163-1088967DD755}.Ad-Hoc|Any CPU.Build.0 = Release|x86
		{4AA13B87-4748-4734-8163-1088967DD755}.Ad-Hoc|Any CPU.Deploy.0 = Release|x86
		{4AA13B87-4748-4734-8163-1088967DD755}.Ad-Hoc|ARM.ActiveCfg = Release|ARM
		{4AA13B87-4748-4734-8163-1088967DD755}.Ad-Hoc|ARM.Build.0 = Release|ARM
		{4AA13B87-4748-4734-8163-1088967DD755}.Ad-Hoc|ARM.Deploy.0 = Release|ARM
		{4AA13B87-4748-4734-8163-1088967DD755}.Ad-Hoc|iPhone.ActiveCfg = Release|x86
		{4AA13B87-4748-4734-8163-1088967DD755}.Ad-Hoc|iPhone.Build.0 = Release|x86
		{4AA13B87-4748-4734-8163-1088967DD755}.Ad-Hoc|iPhone.Deploy.0 = Release|x86
		{4AA13B87-4748-4734-8163-1088967DD755}.Ad-Hoc|iPhoneSimulator.ActiveCfg = Release|x86
		{4AA13B87-4748-4734-8163-1088967DD755}.Ad-Hoc|iPhoneSimulator.Build.0 = Release|x86
		{4AA13B87-4748-4734-8163-1088967DD755}.Ad-Hoc|iPhoneSimulator.Deploy.0 = Release|x86
		{4AA13B87-4748-4734-8163-1088967DD755}.Ad-Hoc|x64.ActiveCfg = Release|x64
		{4AA13B87-4748-4734-8163-1088967DD755}.Ad-Hoc|x64.Build.0 = Release|x64
		{4AA13B87-4748-4734-8163-1088967DD755}.Ad-Hoc|x64.Deploy.0 = Release|x64
		{4AA13B87-4748-4734-8163-1088967DD755}.Ad-Hoc|x86.ActiveCfg = Release|x86
		{4AA13B87-4748-4734-8163-1088967DD755}.Ad-Hoc|x86.Build.0 = Release|x86
		{4AA13B87-4748-4734-8163-1088967DD755}.Ad-Hoc|x86.Deploy.0 = Release|x86
		{4AA13B87-4748-4734-8163-1088967DD755}.AppStore|Any CPU.ActiveCfg = Release|x86
		{4AA13B87-4748-4734-8163-1088967DD755}.AppStore|Any CPU.Build.0 = Release|x86
		{4AA13B87-4748-4734-8163-1088967DD755}.AppStore|Any CPU.Deploy.0 = Release|x86
		{4AA13B87-4748-4734-8163-1088967DD755}.AppStore|ARM.ActiveCfg = Release|ARM
		{4AA13B87-4748-4734-8163-1088967DD755}.AppStore|ARM.Build.0 = Release|ARM
		{4AA13B87-4748-4734-8163-1088967DD755}.AppStore|ARM.Deploy.0 = Release|ARM
		{4AA13B87-4748-4734-8163-1088967DD755}.AppStore|iPhone.ActiveCfg = Release|x86
		{4AA13B87-4748-4734-8163-1088967DD755}.AppStore|iPhone.Build.0 = Release|x86
		{4AA13B87-4748-4734-8163-1088967DD755}.AppStore|iPhone.Deploy.0 = Release|x86
		{4AA13B87-4748-4734-8163-1088967DD755}.AppStore|iPhoneSimulator.ActiveCfg = Release|x86
		{4AA13B87-4748-4734-8163-1088967DD755}.AppStore|iPhoneSimulator.Build.0 = Release|x86
		{4AA13B87-4748-4734-8163-1088967DD755}.AppStore|iPhoneSimulator.Deploy.0 = Release|x86
		{4AA13B87-4748-4734-8163-1088967DD755}.AppStore|x64.ActiveCfg = Release|x64
		{4AA13B87-4748-4734-8163-1088967DD755}.AppStore|x64.Build.0 = Release|x64
		{4AA13B87-4748-4734-8163-1088967DD755}.AppStore|x64.Deploy.0 = Release|x64
		{4AA13B87-4748-4734-8163-1088967DD755}.AppStore|x86.ActiveCfg = Release|x86
		{4AA13B87-4748-4734-8163-1088967DD755}.AppStore|x86.Build.0 = Release|x86
		{4AA13B87-4748-4734-8163-1088967DD755}.AppStore|x86.Deploy.0 = Release|x86
		{4AA13B87-4748-4734-8163-1088967DD755}.Debug|Any CPU.ActiveCfg = Debug|x86
		{4AA13B87-4748-4734-8163-1088967DD755}.Debug|ARM.ActiveCfg = Debug|ARM
		{4AA13B87-4748-4734-8163-1088967DD755}.Debug|ARM.Build.0 = Debug|ARM
		{4AA13B87-4748-4734-8163-1088967DD755}.Debug|ARM.Deploy.0 = Debug|ARM
		{4AA13B87-4748-4734-8163-1088967DD755}.Debug|iPhone.ActiveCfg = Debug|x86
		{4AA13B87-4748-4734-8163-1088967DD755}.Debug|iPhoneSimulator.ActiveCfg = Debug|x86
		{4AA13B87-4748-4734-8163-1088967DD755}.Debug|x64.ActiveCfg = Debug|x64
		{4AA13B87-4748-4734-8163-1088967DD755}.Debug|x64.Build.0 = Debug|x64
		{4AA13B87-4748-4734-8163-1088967DD755}.Debug|x64.Deploy.0 = Debug|x64
		{4AA13B87-4748-4734-8163-1088967DD755}.Debug|x86.ActiveCfg = Debug|x86
		{4AA13B87-4748-4734-8163-1088967DD755}.Debug|x86.Build.0 = Debug|x86
		{4AA13B87-4748-4734-8163-1088967DD755}.Debug|x86.Deploy.0 = Debug|x86
		{4AA13B87-4748-4734-8163-1088967DD755}.Release|Any CPU.ActiveCfg = Release|x86
		{4AA13B87-4748-4734-8163-1088967DD755}.Release|ARM.ActiveCfg = Release|ARM
		{4AA13B87-4748-4734-8163-1088967DD755}.Release|ARM.Build.0 = Release|ARM
		{4AA13B87-4748-4734-8163-1088967DD755}.Release|ARM.Deploy.0 = Release|ARM
		{4AA13B87-4748-4734-8163-1088967DD755}.Release|iPhone.ActiveCfg = Release|x86
		{4AA13B87-4748-4734-8163-1088967DD755}.Release|iPhoneSimulator.ActiveCfg = Release|x86
		{4AA13B87-4748-4734-8163-1088967DD755}.Release|x64.ActiveCfg = Release|x64
		{4AA13B87-4748-4734-8163-1088967DD755}.Release|x64.Build.0 = Release|x64
		{4AA13B87-4748-4734-8163-1088967DD755}.Release|x64.Deploy.0 = Release|x64
		{4AA13B87-4748-4734-8163-1088967DD755}.Release|x86.ActiveCfg = Release|x86
		{4AA13B87-4748-4734-8163-1088967DD755}.Release|x86.Build.0 = Release|x86
		{4AA13B87-4748-4734-8163-1088967DD755}.Release|x86.Deploy.0 = Release|x86
		{7D0C6E68-BA20-4E5A-B095-C4ED8F8CE4E9}.Ad-Hoc|Any CPU.ActiveCfg = Release|Any CPU
		{7D0C6E68-BA20-4E5A-B095-C4ED8F8CE4E9}.Ad-Hoc|Any CPU.Build.0 = Release|Any CPU
		{7D0C6E68-BA20-4E5A-B095-C4ED8F8CE4E9}.Ad-Hoc|Any CPU.Deploy.0 = Release|Any CPU
		{7D0C6E68-BA20-4E5A-B095-C4ED8F8CE4E9}.Ad-Hoc|ARM.ActiveCfg = Release|ARM
		{7D0C6E68-BA20-4E5A-B095-C4ED8F8CE4E9}.Ad-Hoc|ARM.Build.0 = Release|ARM
		{7D0C6E68-BA20-4E5A-B095-C4ED8F8CE4E9}.Ad-Hoc|ARM.Deploy.0 = Release|ARM
		{7D0C6E68-BA20-4E5A-B095-C4ED8F8CE4E9}.Ad-Hoc|iPhone.ActiveCfg = Release|Any CPU
		{7D0C6E68-BA20-4E5A-B095-C4ED8F8CE4E9}.Ad-Hoc|iPhone.Build.0 = Release|Any CPU
		{7D0C6E68-BA20-4E5A-B095-C4ED8F8CE4E9}.Ad-Hoc|iPhone.Deploy.0 = Release|Any CPU
		{7D0C6E68-BA20-4E5A-B095-C4ED8F8CE4E9}.Ad-Hoc|iPhoneSimulator.ActiveCfg = Release|Any CPU
		{7D0C6E68-BA20-4E5A-B095-C4ED8F8CE4E9}.Ad-Hoc|iPhoneSimulator.Build.0 = Release|Any CPU
		{7D0C6E68-BA20-4E5A-B095-C4ED8F8CE4E9}.Ad-Hoc|iPhoneSimulator.Deploy.0 = Release|Any CPU
		{7D0C6E68-BA20-4E5A-B095-C4ED8F8CE4E9}.Ad-Hoc|x64.ActiveCfg = Release|x64
		{7D0C6E68-BA20-4E5A-B095-C4ED8F8CE4E9}.Ad-Hoc|x64.Build.0 = Release|x64
		{7D0C6E68-BA20-4E5A-B095-C4ED8F8CE4E9}.Ad-Hoc|x64.Deploy.0 = Release|x64
		{7D0C6E68-BA20-4E5A-B095-C4ED8F8CE4E9}.Ad-Hoc|x86.ActiveCfg = Release|x86
		{7D0C6E68-BA20-4E5A-B095-C4ED8F8CE4E9}.Ad-Hoc|x86.Build.0 = Release|x86
		{7D0C6E68-BA20-4E5A-B095-C4ED8F8CE4E9}.Ad-Hoc|x86.Deploy.0 = Release|x86
		{7D0C6E68-BA20-4E5A-B095-C4ED8F8CE4E9}.AppStore|Any CPU.ActiveCfg = Release|Any CPU
		{7D0C6E68-BA20-4E5A-B095-C4ED8F8CE4E9}.AppStore|Any CPU.Build.0 = Release|Any CPU
		{7D0C6E68-BA20-4E5A-B095-C4ED8F8CE4E9}.AppStore|Any CPU.Deploy.0 = Release|Any CPU
		{7D0C6E68-BA20-4E5A-B095-C4ED8F8CE4E9}.AppStore|ARM.ActiveCfg = Release|ARM
		{7D0C6E68-BA20-4E5A-B095-C4ED8F8CE4E9}.AppStore|ARM.Build.0 = Release|ARM
		{7D0C6E68-BA20-4E5A-B095-C4ED8F8CE4E9}.AppStore|ARM.Deploy.0 = Release|ARM
		{7D0C6E68-BA20-4E5A-B095-C4ED8F8CE4E9}.AppStore|iPhone.ActiveCfg = Release|Any CPU
		{7D0C6E68-BA20-4E5A-B095-C4ED8F8CE4E9}.AppStore|iPhone.Build.0 = Release|Any CPU
		{7D0C6E68-BA20-4E5A-B095-C4ED8F8CE4E9}.AppStore|iPhone.Deploy.0 = Release|Any CPU
		{7D0C6E68-BA20-4E5A-B095-C4ED8F8CE4E9}.AppStore|iPhoneSimulator.ActiveCfg = Release|Any CPU
		{7D0C6E68-BA20-4E5A-B095-C4ED8F8CE4E9}.AppStore|iPhoneSimulator.Build.0 = Release|Any CPU
		{7D0C6E68-BA20-4E5A-B095-C4ED8F8CE4E9}.AppStore|iPhoneSimulator.Deploy.0 = Release|Any CPU
		{7D0C6E68-BA20-4E5A-B095-C4ED8F8CE4E9}.AppStore|x64.ActiveCfg = Release|x64
		{7D0C6E68-BA20-4E5A-B095-C4ED8F8CE4E9}.AppStore|x64.Build.0 = Release|x64
		{7D0C6E68-BA20-4E5A-B095-C4ED8F8CE4E9}.AppStore|x64.Deploy.0 = Release|x64
		{7D0C6E68-BA20-4E5A-B095-C4ED8F8CE4E9}.AppStore|x86.ActiveCfg = Release|x86
		{7D0C6E68-BA20-4E5A-B095-C4ED8F8CE4E9}.AppStore|x86.Build.0 = Release|x86
		{7D0C6E68-BA20-4E5A-B095-C4ED8F8CE4E9}.AppStore|x86.Deploy.0 = Release|x86
		{7D0C6E68-BA20-4E5A-B095-C4ED8F8CE4E9}.Debug|Any CPU.ActiveCfg = Debug|Any CPU
		{7D0C6E68-BA20-4E5A-B095-C4ED8F8CE4E9}.Debug|Any CPU.Build.0 = Debug|Any CPU
		{7D0C6E68-BA20-4E5A-B095-C4ED8F8CE4E9}.Debug|Any CPU.Deploy.0 = Debug|Any CPU
		{7D0C6E68-BA20-4E5A-B095-C4ED8F8CE4E9}.Debug|ARM.ActiveCfg = Debug|ARM
		{7D0C6E68-BA20-4E5A-B095-C4ED8F8CE4E9}.Debug|ARM.Build.0 = Debug|ARM
		{7D0C6E68-BA20-4E5A-B095-C4ED8F8CE4E9}.Debug|ARM.Deploy.0 = Debug|ARM
		{7D0C6E68-BA20-4E5A-B095-C4ED8F8CE4E9}.Debug|iPhone.ActiveCfg = Debug|Any CPU
		{7D0C6E68-BA20-4E5A-B095-C4ED8F8CE4E9}.Debug|iPhone.Build.0 = Debug|Any CPU
		{7D0C6E68-BA20-4E5A-B095-C4ED8F8CE4E9}.Debug|iPhone.Deploy.0 = Debug|Any CPU
		{7D0C6E68-BA20-4E5A-B095-C4ED8F8CE4E9}.Debug|iPhoneSimulator.ActiveCfg = Debug|Any CPU
		{7D0C6E68-BA20-4E5A-B095-C4ED8F8CE4E9}.Debug|iPhoneSimulator.Build.0 = Debug|Any CPU
		{7D0C6E68-BA20-4E5A-B095-C4ED8F8CE4E9}.Debug|iPhoneSimulator.Deploy.0 = Debug|Any CPU
		{7D0C6E68-BA20-4E5A-B095-C4ED8F8CE4E9}.Debug|x64.ActiveCfg = Debug|x64
		{7D0C6E68-BA20-4E5A-B095-C4ED8F8CE4E9}.Debug|x64.Build.0 = Debug|x64
		{7D0C6E68-BA20-4E5A-B095-C4ED8F8CE4E9}.Debug|x64.Deploy.0 = Debug|x64
		{7D0C6E68-BA20-4E5A-B095-C4ED8F8CE4E9}.Debug|x86.ActiveCfg = Debug|x86
		{7D0C6E68-BA20-4E5A-B095-C4ED8F8CE4E9}.Debug|x86.Build.0 = Debug|x86
		{7D0C6E68-BA20-4E5A-B095-C4ED8F8CE4E9}.Debug|x86.Deploy.0 = Debug|x86
		{7D0C6E68-BA20-4E5A-B095-C4ED8F8CE4E9}.Release|Any CPU.ActiveCfg = Release|Any CPU
		{7D0C6E68-BA20-4E5A-B095-C4ED8F8CE4E9}.Release|Any CPU.Build.0 = Release|Any CPU
		{7D0C6E68-BA20-4E5A-B095-C4ED8F8CE4E9}.Release|Any CPU.Deploy.0 = Release|Any CPU
		{7D0C6E68-BA20-4E5A-B095-C4ED8F8CE4E9}.Release|ARM.ActiveCfg = Release|ARM
		{7D0C6E68-BA20-4E5A-B095-C4ED8F8CE4E9}.Release|ARM.Build.0 = Release|ARM
		{7D0C6E68-BA20-4E5A-B095-C4ED8F8CE4E9}.Release|ARM.Deploy.0 = Release|ARM
		{7D0C6E68-BA20-4E5A-B095-C4ED8F8CE4E9}.Release|iPhone.ActiveCfg = Release|Any CPU
		{7D0C6E68-BA20-4E5A-B095-C4ED8F8CE4E9}.Release|iPhone.Build.0 = Release|Any CPU
		{7D0C6E68-BA20-4E5A-B095-C4ED8F8CE4E9}.Release|iPhone.Deploy.0 = Release|Any CPU
		{7D0C6E68-BA20-4E5A-B095-C4ED8F8CE4E9}.Release|iPhoneSimulator.ActiveCfg = Release|Any CPU
		{7D0C6E68-BA20-4E5A-B095-C4ED8F8CE4E9}.Release|iPhoneSimulator.Build.0 = Release|Any CPU
		{7D0C6E68-BA20-4E5A-B095-C4ED8F8CE4E9}.Release|iPhoneSimulator.Deploy.0 = Release|Any CPU
		{7D0C6E68-BA20-4E5A-B095-C4ED8F8CE4E9}.Release|x64.ActiveCfg = Release|x64
		{7D0C6E68-BA20-4E5A-B095-C4ED8F8CE4E9}.Release|x64.Build.0 = Release|x64
		{7D0C6E68-BA20-4E5A-B095-C4ED8F8CE4E9}.Release|x64.Deploy.0 = Release|x64
		{7D0C6E68-BA20-4E5A-B095-C4ED8F8CE4E9}.Release|x86.ActiveCfg = Release|x86
		{7D0C6E68-BA20-4E5A-B095-C4ED8F8CE4E9}.Release|x86.Build.0 = Release|x86
		{7D0C6E68-BA20-4E5A-B095-C4ED8F8CE4E9}.Release|x86.Deploy.0 = Release|x86
		{0B64682A-A4BB-42E2-B4FD-805A8545D488}.Ad-Hoc|Any CPU.ActiveCfg = Release|Any CPU
		{0B64682A-A4BB-42E2-B4FD-805A8545D488}.Ad-Hoc|Any CPU.Build.0 = Release|Any CPU
		{0B64682A-A4BB-42E2-B4FD-805A8545D488}.Ad-Hoc|ARM.ActiveCfg = Release|Any CPU
		{0B64682A-A4BB-42E2-B4FD-805A8545D488}.Ad-Hoc|ARM.Build.0 = Release|Any CPU
		{0B64682A-A4BB-42E2-B4FD-805A8545D488}.Ad-Hoc|iPhone.ActiveCfg = Release|Any CPU
		{0B64682A-A4BB-42E2-B4FD-805A8545D488}.Ad-Hoc|iPhone.Build.0 = Release|Any CPU
		{0B64682A-A4BB-42E2-B4FD-805A8545D488}.Ad-Hoc|iPhoneSimulator.ActiveCfg = Release|Any CPU
		{0B64682A-A4BB-42E2-B4FD-805A8545D488}.Ad-Hoc|iPhoneSimulator.Build.0 = Release|Any CPU
		{0B64682A-A4BB-42E2-B4FD-805A8545D488}.Ad-Hoc|x64.ActiveCfg = Release|Any CPU
		{0B64682A-A4BB-42E2-B4FD-805A8545D488}.Ad-Hoc|x64.Build.0 = Release|Any CPU
		{0B64682A-A4BB-42E2-B4FD-805A8545D488}.Ad-Hoc|x86.ActiveCfg = Release|Any CPU
		{0B64682A-A4BB-42E2-B4FD-805A8545D488}.Ad-Hoc|x86.Build.0 = Release|Any CPU
		{0B64682A-A4BB-42E2-B4FD-805A8545D488}.AppStore|Any CPU.ActiveCfg = Release|Any CPU
		{0B64682A-A4BB-42E2-B4FD-805A8545D488}.AppStore|Any CPU.Build.0 = Release|Any CPU
		{0B64682A-A4BB-42E2-B4FD-805A8545D488}.AppStore|ARM.ActiveCfg = Release|Any CPU
		{0B64682A-A4BB-42E2-B4FD-805A8545D488}.AppStore|ARM.Build.0 = Release|Any CPU
		{0B64682A-A4BB-42E2-B4FD-805A8545D488}.AppStore|iPhone.ActiveCfg = Release|Any CPU
		{0B64682A-A4BB-42E2-B4FD-805A8545D488}.AppStore|iPhone.Build.0 = Release|Any CPU
		{0B64682A-A4BB-42E2-B4FD-805A8545D488}.AppStore|iPhoneSimulator.ActiveCfg = Release|Any CPU
		{0B64682A-A4BB-42E2-B4FD-805A8545D488}.AppStore|iPhoneSimulator.Build.0 = Release|Any CPU
		{0B64682A-A4BB-42E2-B4FD-805A8545D488}.AppStore|x64.ActiveCfg = Release|Any CPU
		{0B64682A-A4BB-42E2-B4FD-805A8545D488}.AppStore|x64.Build.0 = Release|Any CPU
		{0B64682A-A4BB-42E2-B4FD-805A8545D488}.AppStore|x86.ActiveCfg = Release|Any CPU
		{0B64682A-A4BB-42E2-B4FD-805A8545D488}.AppStore|x86.Build.0 = Release|Any CPU
		{0B64682A-A4BB-42E2-B4FD-805A8545D488}.Debug|Any CPU.ActiveCfg = Debug|Any CPU
		{0B64682A-A4BB-42E2-B4FD-805A8545D488}.Debug|Any CPU.Build.0 = Debug|Any CPU
		{0B64682A-A4BB-42E2-B4FD-805A8545D488}.Debug|ARM.ActiveCfg = Debug|Any CPU
		{0B64682A-A4BB-42E2-B4FD-805A8545D488}.Debug|ARM.Build.0 = Debug|Any CPU
		{0B64682A-A4BB-42E2-B4FD-805A8545D488}.Debug|iPhone.ActiveCfg = Debug|Any CPU
		{0B64682A-A4BB-42E2-B4FD-805A8545D488}.Debug|iPhone.Build.0 = Debug|Any CPU
		{0B64682A-A4BB-42E2-B4FD-805A8545D488}.Debug|iPhoneSimulator.ActiveCfg = Debug|Any CPU
		{0B64682A-A4BB-42E2-B4FD-805A8545D488}.Debug|iPhoneSimulator.Build.0 = Debug|Any CPU
		{0B64682A-A4BB-42E2-B4FD-805A8545D488}.Debug|x64.ActiveCfg = Debug|Any CPU
		{0B64682A-A4BB-42E2-B4FD-805A8545D488}.Debug|x64.Build.0 = Debug|Any CPU
		{0B64682A-A4BB-42E2-B4FD-805A8545D488}.Debug|x86.ActiveCfg = Debug|Any CPU
		{0B64682A-A4BB-42E2-B4FD-805A8545D488}.Debug|x86.Build.0 = Debug|Any CPU
		{0B64682A-A4BB-42E2-B4FD-805A8545D488}.Release|Any CPU.ActiveCfg = Release|Any CPU
		{0B64682A-A4BB-42E2-B4FD-805A8545D488}.Release|Any CPU.Build.0 = Release|Any CPU
		{0B64682A-A4BB-42E2-B4FD-805A8545D488}.Release|ARM.ActiveCfg = Release|Any CPU
		{0B64682A-A4BB-42E2-B4FD-805A8545D488}.Release|ARM.Build.0 = Release|Any CPU
		{0B64682A-A4BB-42E2-B4FD-805A8545D488}.Release|iPhone.ActiveCfg = Release|Any CPU
		{0B64682A-A4BB-42E2-B4FD-805A8545D488}.Release|iPhone.Build.0 = Release|Any CPU
		{0B64682A-A4BB-42E2-B4FD-805A8545D488}.Release|iPhoneSimulator.ActiveCfg = Release|Any CPU
		{0B64682A-A4BB-42E2-B4FD-805A8545D488}.Release|iPhoneSimulator.Build.0 = Release|Any CPU
		{0B64682A-A4BB-42E2-B4FD-805A8545D488}.Release|x64.ActiveCfg = Release|Any CPU
		{0B64682A-A4BB-42E2-B4FD-805A8545D488}.Release|x64.Build.0 = Release|Any CPU
		{0B64682A-A4BB-42E2-B4FD-805A8545D488}.Release|x86.ActiveCfg = Release|Any CPU
		{0B64682A-A4BB-42E2-B4FD-805A8545D488}.Release|x86.Build.0 = Release|Any CPU
	EndGlobalSection
	GlobalSection(SolutionProperties) = preSolution
		HideSolutionNode = FALSE
	EndGlobalSection
EndGlobal
